
Microsoft Visual Studio Solution File, Format Version 12.00
# Visual Studio Version 16
VisualStudioVersion = 16.0.32413.511
MinimumVisualStudioVersion = 10.0.40219.1
Project("{FAE04EC0-301F-11D3-BF4B-00C04F79EFBC}") = "OrderDBVersion", "OrderDBVersion\OrderDBVersion.csproj", "{DAC408B2-37AA-4A73-B4FB-24DD893F7255}"
EndProject
Global
	GlobalSection(SolutionConfigurationPlatforms) = preSolution
		Debug|Any CPU = Debug|Any CPU
		Release|Any CPU = Release|Any CPU
	EndGlobalSection
	GlobalSection(ProjectConfigurationPlatforms) = postSolution
		{DAC408B2-37AA-4A73-B4FB-24DD893F7255}.Debug|Any CPU.ActiveCfg = Debug|Any CPU
		{DAC408B2-37AA-4A73-B4FB-24DD893F7255}.Debug|Any CPU.Build.0 = Debug|Any CPU
		{DAC408B2-37AA-4A73-B4FB-24DD893F7255}.Release|Any CPU.ActiveCfg = Release|Any CPU
		{DAC408B2-37AA-4A73-B4FB-24DD893F7255}.Release|Any CPU.Build.0 = Release|Any CPU
	EndGlobalSection
	GlobalSection(SolutionProperties) = preSolution
		HideSolutionNode = FALSE
	EndGlobalSection
	GlobalSection(ExtensibilityGlobals) = postSolution
		SolutionGuid = {54A7554F-DCE1-4C60-B5B0-0F968F2CA144}
	EndGlobalSection
EndGlobal
